dependencies:
- name: cluster-autoscaler
  repository: https://kubernetes.github.io/autoscaler
  version: 9.10.5
- name: aws-ebs-csi-driver
  repository: https://kubernetes-sigs.github.io/aws-ebs-csi-driver
  version: 2.1.0
- name: metrics-server
  repository: https://charts.bitnami.com/bitnami
  version: 5.9.3
- name: kubernetes-dashboard
  repository: https://kubernetes.github.io/dashboard
  version: 5.0.0
digest: sha256:c1fbfe357b55150b67b80df9bd48d7fddea7556c1ccfd20db1f2657fc7bed4fa
generated: "2021-09-04T17:30:03.289079-03:00"
