dependencies:
- name: cluster-autoscaler
  repository: https://kubernetes.github.io/autoscaler
  version: 9.10.5
- name: aws-ebs-csi-driver
  repository: https://kubernetes-sigs.github.io/aws-ebs-csi-driver
  version: 2.1.0
- name: metrics-server
  repository: https://charts.bitnami.com/bitnami
  version: 5.9.3
- name: external-dns
  repository: https://kubernetes-sigs.github.io/external-dns/
  version: 1.2.0
digest: sha256:8b9891bc414ca7e9f1dbf3df7a9fe15bc06a0407c281bdae2293bbdf46eda0bb
generated: "2021-09-05T21:30:51.700798-03:00"
